// !$*UTF8*$!
{
	archiveVersion = 1;
	classes = {
	};
	objectVersion = 50;
	objects = {

/* Begin PBXBuildFile section */
		8EAB89CD2535A40D00979990 /* AppDelegate.swift in Sources */ = {isa = PBXBuildFile; fileRef = 8EAB89CC2535A40D00979990 /* AppDelegate.swift */; };
		8EAB89CF2535A40D00979990 /* SceneDelegate.swift in Sources */ = {isa = PBXBuildFile; fileRef = 8EAB89CE2535A40D00979990 /* SceneDelegate.swift */; };
		8EAB89D12535A40D00979990 /* ViewController.swift in Sources */ = {isa = PBXBuildFile; fileRef = 8EAB89D02535A40D00979990 /* ViewController.swift */; };
		8EAB89D42535A40D00979990 /* Main.storyboard in Resources */ = {isa = PBXBuildFile; fileRef = 8EAB89D22535A40D00979990 /* Main.storyboard */; };
		8EAB89D62535A40E00979990 /* Assets.xcassets in Resources */ = {isa = PBXBuildFile; fileRef = 8EAB89D52535A40E00979990 /* Assets.xcassets */; };
		8EAB89D92535A40E00979990 /* LaunchScreen.storyboard in Resources */ = {isa = PBXBuildFile; fileRef = 8EAB89D72535A40E00979990 /* LaunchScreen.storyboard */; };
		8EAB89E42535A40E00979990 /* DeviceTokenGetTests.swift in Sources */ = {isa = PBXBuildFile; fileRef = 8EAB89E32535A40E00979990 /* DeviceTokenGetTests.swift */; };
		8EAB89EF2535A40F00979990 /* DeviceTokenGetUITests.swift in Sources */ = {isa = PBXBuildFile; fileRef = 8EAB89EE2535A40F00979990 /* DeviceTokenGetUITests.swift */; };
/* End PBXBuildFile section */

/* Begin PBXContainerItemProxy section */
		8EAB89E02535A40E00979990 /* PBXContainerItemProxy */ = {
			isa = PBXContainerItemProxy;
			containerPortal = 8EAB89C12535A40D00979990 /* Project object */;
			proxyType = 1;
			remoteGlobalIDString = 8EAB89C82535A40D00979990;
			remoteInfo = DeviceTokenGet;
		};
		8EAB89EB2535A40F00979990 /* PBXContainerItemProxy */ = {
			isa = PBXContainerItemProxy;
			containerPortal = 8EAB89C12535A40D00979990 /* Project object */;
			proxyType = 1;
			remoteGlobalIDString = 8EAB89C82535A40D00979990;
			remoteInfo = DeviceTokenGet;
		};
/* End PBXContainerItemProxy section */

/* Begin PBXFileReference section */
		8EAB89C92535A40D00979990 /* DeviceTokenGet.app */ = {isa = PBXFileReference; explicitFileType = wrapper.application; includeInIndex = 0; path = DeviceTokenGet.app; sourceTree = BUILT_PRODUCTS_DIR; };
		8EAB89CC2535A40D00979990 /* AppDelegate.swift */ = {isa = PBXFileReference; lastKnownFileType = sourcecode.swift; path = AppDelegate.swift; sourceTree = "<group>"; };
		8EAB89CE2535A40D00979990 /* SceneDelegate.swift */ = {isa = PBXFileReference; lastKnownFileType = sourcecode.swift; path = SceneDelegate.swift; sourceTree = "<group>"; };
		8EAB89D02535A40D00979990 /* ViewController.swift */ = {isa = PBXFileReference; lastKnownFileType = sourcecode.swift; path = ViewController.swift; sourceTree = "<group>"; };
		8EAB89D32535A40D00979990 /* Base */ = {isa = PBXFileReference; lastKnownFileType = file.storyboard; name = Base; path = Base.lproj/Main.storyboard; sourceTree = "<group>"; };
		8EAB89D52535A40E00979990 /* Assets.xcassets */ = {isa = PBXFileReference; lastKnownFileType = folder.assetcatalog; path = Assets.xcassets; sourceTree = "<group>"; };
		8EAB89D82535A40E00979990 /* Base */ = {isa = PBXFileReference; lastKnownFileType = file.storyboard; name = Base; path = Base.lproj/LaunchScreen.storyboard; sourceTree = "<group>"; };
		8EAB89DA2535A40E00979990 /* Info.plist */ = {isa = PBXFileReference; lastKnownFileType = text.plist.xml; path = Info.plist; sourceTree = "<group>"; };
		8EAB89DF2535A40E00979990 /* DeviceTokenGetTests.xctest */ = {isa = PBXFileReference; explicitFileType = wrapper.cfbundle; includeInIndex = 0; path = DeviceTokenGetTests.xctest; sourceTree = BUILT_PRODUCTS_DIR; };
		8EAB89E32535A40E00979990 /* DeviceTokenGetTests.swift */ = {isa = PBXFileReference; lastKnownFileType = sourcecode.swift; path = DeviceTokenGetTests.swift; sourceTree = "<group>"; };
		8EAB89E52535A40E00979990 /* Info.plist */ = {isa = PBXFileReference; lastKnownFileType = text.plist.xml; path = Info.plist; sourceTree = "<group>"; };
		8EAB89EA2535A40F00979990 /* DeviceTokenGetUITests.xctest */ = {isa = PBXFileReference; explicitFileType = wrapper.cfbundle; includeInIndex = 0; path = DeviceTokenGetUITests.xctest; sourceTree = BUILT_PRODUCTS_DIR; };
		8EAB89EE2535A40F00979990 /* DeviceTokenGetUITests.swift */ = {isa = PBXFileReference; lastKnownFileType = sourcecode.swift; path = DeviceTokenGetUITests.swift; sourceTree = "<group>"; };
		8EAB89F02535A40F00979990 /* Info.plist */ = {isa = PBXFileReference; lastKnownFileType = text.plist.xml; path = Info.plist; sourceTree = "<group>"; };
/* End PBXFileReference section */

/* Begin PBXFrameworksBuildPhase section */
		8EAB89C62535A40D00979990 /* Frameworks */ = {
			isa = PBXFrameworksBuildPhase;
			buildActionMask = 2147483647;
			files = (
			);
			runOnlyForDeploymentPostprocessing = 0;
		};
		8EAB89DC2535A40E00979990 /* Frameworks */ = {
			isa = PBXFrameworksBuildPhase;
			buildActionMask = 2147483647;
			files = (
			);
			runOnlyForDeploymentPostprocessing = 0;
		};
		8EAB89E72535A40F00979990 /* Frameworks */ = {
			isa = PBXFrameworksBuildPhase;
			buildActionMask = 2147483647;
			files = (
			);
			runOnlyForDeploymentPostprocessing = 0;
		};
/* End PBXFrameworksBuildPhase section */

/* Begin PBXGroup section */
		8EAB89C02535A40D00979990 = {
			isa = PBXGroup;
			children = (
				8EAB89CB2535A40D00979990 /* DeviceTokenGet */,
				8EAB89E22535A40E00979990 /* DeviceTokenGetTests */,
				8EAB89ED2535A40F00979990 /* DeviceTokenGetUITests */,
				8EAB89CA2535A40D00979990 /* Products */,
			);
			sourceTree = "<group>";
		};
		8EAB89CA2535A40D00979990 /* Products */ = {
			isa = PBXGroup;
			children = (
				8EAB89C92535A40D00979990 /* DeviceTokenGet.app */,
				8EAB89DF2535A40E00979990 /* DeviceTokenGetTests.xctest */,
				8EAB89EA2535A40F00979990 /* DeviceTokenGetUITests.xctest */,
			);
			name = Products;
			sourceTree = "<group>";
		};
		8EAB89CB2535A40D00979990 /* DeviceTokenGet */ = {
			isa = PBXGroup;
			children = (
				8EAB89CC2535A40D00979990 /* AppDelegate.swift */,
				8EAB89CE2535A40D00979990 /* SceneDelegate.swift */,
				8EAB89D02535A40D00979990 /* ViewController.swift */,
				8EAB89D22535A40D00979990 /* Main.storyboard */,
				8EAB89D52535A40E00979990 /* Assets.xcassets */,
				8EAB89D72535A40E00979990 /* LaunchScreen.storyboard */,
				8EAB89DA2535A40E00979990 /* Info.plist */,
			);
			path = DeviceTokenGet;
			sourceTree = "<group>";
		};
		8EAB89E22535A40E00979990 /* DeviceTokenGetTests */ = {
			isa = PBXGroup;
			children = (
				8EAB89E32535A40E00979990 /* DeviceTokenGetTests.swift */,
				8EAB89E52535A40E00979990 /* Info.plist */,
			);
			path = DeviceTokenGetTests;
			sourceTree = "<group>";
		};
		8EAB89ED2535A40F00979990 /* DeviceTokenGetUITests */ = {
			isa = PBXGroup;
			children = (
				8EAB89EE2535A40F00979990 /* DeviceTokenGetUITests.swift */,
				8EAB89F02535A40F00979990 /* Info.plist */,
			);
			path = DeviceTokenGetUITests;
			sourceTree = "<group>";
		};
/* End PBXGroup section */

/* Begin PBXNativeTarget section */
		8EAB89C82535A40D00979990 /* DeviceTokenGet */ = {
			isa = PBXNativeTarget;
			buildConfigurationList = 8EAB89F32535A40F00979990 /* Build configuration list for PBXNativeTarget "DeviceTokenGet" */;
			buildPhases = (
				8EAB89C52535A40D00979990 /* Sources */,
				8EAB89C62535A40D00979990 /* Frameworks */,
				8EAB89C72535A40D00979990 /* Resources */,
			);
			buildRules = (
			);
			dependencies = (
			);
			name = DeviceTokenGet;
			productName = DeviceTokenGet;
			productReference = 8EAB89C92535A40D00979990 /* DeviceTokenGet.app */;
			productType = "com.apple.product-type.application";
		};
		8EAB89DE2535A40E00979990 /* DeviceTokenGetTests */ = {
			isa = PBXNativeTarget;
			buildConfigurationList = 8EAB89F62535A40F00979990 /* Build configuration list for PBXNativeTarget "DeviceTokenGetTests" */;
			buildPhases = (
				8EAB89DB2535A40E00979990 /* Sources */,
				8EAB89DC2535A40E00979990 /* Frameworks */,
				8EAB89DD2535A40E00979990 /* Resources */,
			);
			buildRules = (
			);
			dependencies = (
				8EAB89E12535A40E00979990 /* PBXTargetDependency */,
			);
			name = DeviceTokenGetTests;
			productName = DeviceTokenGetTests;
			productReference = 8EAB89DF2535A40E00979990 /* DeviceTokenGetTests.xctest */;
			productType = "com.apple.product-type.bundle.unit-test";
		};
		8EAB89E92535A40F00979990 /* DeviceTokenGetUITests */ = {
			isa = PBXNativeTarget;
			buildConfigurationList = 8EAB89F92535A40F00979990 /* Build configuration list for PBXNativeTarget "DeviceTokenGetUITests" */;
			buildPhases = (
				8EAB89E62535A40F00979990 /* Sources */,
				8EAB89E72535A40F00979990 /* Frameworks */,
				8EAB89E82535A40F00979990 /* Resources */,
			);
			buildRules = (
			);
			dependencies = (
				8EAB89EC2535A40F00979990 /* PBXTargetDependency */,
			);
			name = DeviceTokenGetUITests;
			productName = DeviceTokenGetUITests;
			productReference = 8EAB89EA2535A40F00979990 /* DeviceTokenGetUITests.xctest */;
			productType = "com.apple.product-type.bundle.ui-testing";
		};
/* End PBXNativeTarget section */

/* Begin PBXProject section */
		8EAB89C12535A40D00979990 /* Project object */ = {
			isa = PBXProject;
			attributes = {
				LastSwiftUpdateCheck = 1200;
				LastUpgradeCheck = 1200;
				TargetAttributes = {
					8EAB89C82535A40D00979990 = {
						CreatedOnToolsVersion = 12.0.1;
					};
					8EAB89DE2535A40E00979990 = {
						CreatedOnToolsVersion = 12.0.1;
						TestTargetID = 8EAB89C82535A40D00979990;
					};
					8EAB89E92535A40F00979990 = {
						CreatedOnToolsVersion = 12.0.1;
						TestTargetID = 8EAB89C82535A40D00979990;
					};
				};
			};
			buildConfigurationList = 8EAB89C42535A40D00979990 /* Build configuration list for PBXProject "DeviceTokenGet" */;
			compatibilityVersion = "Xcode 9.3";
			developmentRegion = en;
			hasScannedForEncodings = 0;
			knownRegions = (
				en,
				Base,
			);
			mainGroup = 8EAB89C02535A40D00979990;
			productRefGroup = 8EAB89CA2535A40D00979990 /* Products */;
			projectDirPath = "";
			projectRoot = "";
			targets = (
				8EAB89C82535A40D00979990 /* DeviceTokenGet */,
				8EAB89DE2535A40E00979990 /* DeviceTokenGetTests */,
				8EAB89E92535A40F00979990 /* DeviceTokenGetUITests */,
			);
		};
/* End PBXProject section */

/* Begin PBXResourcesBuildPhase section */
		8EAB89C72535A40D00979990 /* Resources */ = {
			isa = PBXResourcesBuildPhase;
			buildActionMask = 2147483647;
			files = (
				8EAB89D92535A40E00979990 /* LaunchScreen.storyboard in Resources */,
				8EAB89D62535A40E00979990 /* Assets.xcassets in Resources */,
				8EAB89D42535A40D00979990 /* Main.storyboard in Resources */,
			);
			runOnlyForDeploymentPostprocessing = 0;
		};
		8EAB89DD2535A40E00979990 /* Resources */ = {
			isa = PBXResourcesBuildPhase;
			buildActionMask = 2147483647;
			files = (
			);
			runOnlyForDeploymentPostprocessing = 0;
		};
		8EAB89E82535A40F00979990 /* Resources */ = {
			isa = PBXResourcesBuildPhase;
			buildActionMask = 2147483647;
			files = (
			);
			runOnlyForDeploymentPostprocessing = 0;
		};
/* End PBXResourcesBuildPhase section */

/* Begin PBXSourcesBuildPhase section */
		8EAB89C52535A40D00979990 /* Sources */ = {
			isa = PBXSourcesBuildPhase;
			buildActionMask = 2147483647;
			files = (
				8EAB89D12535A40D00979990 /* ViewController.swift in Sources */,
				8EAB89CD2535A40D00979990 /* AppDelegate.swift in Sources */,
				8EAB89CF2535A40D00979990 /* SceneDelegate.swift in Sources */,
			);
			runOnlyForDeploymentPostprocessing = 0;
		};
		8EAB89DB2535A40E00979990 /* Sources */ = {
			isa = PBXSourcesBuildPhase;
			buildActionMask = 2147483647;
			files = (
				8EAB89E42535A40E00979990 /* DeviceTokenGetTests.swift in Sources */,
			);
			runOnlyForDeploymentPostprocessing = 0;
		};
		8EAB89E62535A40F00979990 /* Sources */ = {
			isa = PBXSourcesBuildPhase;
			buildActionMask = 2147483647;
			files = (
				8EAB89EF2535A40F00979990 /* DeviceTokenGetUITests.swift in Sources */,
			);
			runOnlyForDeploymentPostprocessing = 0;
		};
/* End PBXSourcesBuildPhase section */

/* Begin PBXTargetDependency section */
		8EAB89E12535A40E00979990 /* PBXTargetDependency */ = {
			isa = PBXTargetDependency;
			target = 8EAB89C82535A40D00979990 /* DeviceTokenGet */;
			targetProxy = 8EAB89E02535A40E00979990 /* PBXContainerItemProxy */;
		};
		8EAB89EC2535A40F00979990 /* PBXTargetDependency */ = {
			isa = PBXTargetDependency;
			target = 8EAB89C82535A40D00979990 /* DeviceTokenGet */;
			targetProxy = 8EAB89EB2535A40F00979990 /* PBXContainerItemProxy */;
		};
/* End PBXTargetDependency section */

/* Begin PBXVariantGroup section */
		8EAB89D22535A40D00979990 /* Main.storyboard */ = {
			isa = PBXVariantGroup;
			children = (
				8EAB89D32535A40D00979990 /* Base */,
			);
			name = Main.storyboard;
			sourceTree = "<group>";
		};
		8EAB89D72535A40E00979990 /* LaunchScreen.storyboard */ = {
			isa = PBXVariantGroup;
			children = (
				8EAB89D82535A40E00979990 /* Base */,
			);
			name = LaunchScreen.storyboard;
			sourceTree = "<group>";
		};
/* End PBXVariantGroup section */

/* Begin XCBuildConfiguration section */
		8EAB89F12535A40F00979990 /* Debug */ = {
			isa = XCBuildConfiguration;
			buildSettings = {
				ALWAYS_SEARCH_USER_PATHS = NO;
				CLANG_ANALYZER_NONNULL = YES;
				CLANG_ANALYZER_NUMBER_OBJECT_CONVERSION = YES_AGGRESSIVE;
				CLANG_CXX_LANGUAGE_STANDARD = "gnu++14";
				CLANG_CXX_LIBRARY = "libc++";
				CLANG_ENABLE_MODULES = YES;
				CLANG_ENABLE_OBJC_ARC = YES;
				CLANG_ENABLE_OBJC_WEAK = YES;
				CLANG_WARN_BLOCK_CAPTURE_AUTORELEASING = YES;
				CLANG_WARN_BOOL_CONVERSION = YES;
				CLANG_WARN_COMMA = YES;
				CLANG_WARN_CONSTANT_CONVERSION = YES;
				CLANG_WARN_DEPRECATED_OBJC_IMPLEMENTATIONS = YES;
				CLANG_WARN_DIRECT_OBJC_ISA_USAGE = YES_ERROR;
				CLANG_WARN_DOCUMENTATION_COMMENTS = YES;
				CLANG_WARN_EMPTY_BODY = YES;
				CLANG_WARN_ENUM_CONVERSION = YES;
				CLANG_WARN_INFINITE_RECURSION = YES;
				CLANG_WARN_INT_CONVERSION = YES;
				CLANG_WARN_NON_LITERAL_NULL_CONVERSION = YES;
				CLANG_WARN_OBJC_IMPLICIT_RETAIN_SELF = YES;
				CLANG_WARN_OBJC_LITERAL_CONVERSION = YES;
				CLANG_WARN_OBJC_ROOT_CLASS = YES_ERROR;
				CLANG_WARN_QUOTED_INCLUDE_IN_FRAMEWORK_HEADER = YES;
				CLANG_WARN_RANGE_LOOP_ANALYSIS = YES;
				CLANG_WARN_STRICT_PROTOTYPES = YES;
				CLANG_WARN_SUSPICIOUS_MOVE = YES;
				CLANG_WARN_UNGUARDED_AVAILABILITY = YES_AGGRESSIVE;
				CLANG_WARN_UNREACHABLE_CODE = YES;
				CLANG_WARN__DUPLICATE_METHOD_MATCH = YES;
				COPY_PHASE_STRIP = NO;
				DEBUG_INFORMATION_FORMAT = dwarf;
				ENABLE_STRICT_OBJC_MSGSEND = YES;
				ENABLE_TESTABILITY = YES;
				GCC_C_LANGUAGE_STANDARD = gnu11;
				GCC_DYNAMIC_NO_PIC = NO;
				GCC_NO_COMMON_BLOCKS = YES;
				GCC_OPTIMIZATION_LEVEL = 0;
				GCC_PREPROCESSOR_DEFINITIONS = (
					"DEBUG=1",
					"$(inherited)",
				);
				GCC_WARN_64_TO_32_BIT_CONVERSION = YES;
				GCC_WARN_ABOUT_RETURN_TYPE = YES_ERROR;
				GCC_WARN_UNDECLARED_SELECTOR = YES;
				GCC_WARN_UNINITIALIZED_AUTOS = YES_AGGRESSIVE;
				GCC_WARN_UNUSED_FUNCTION = YES;
				GCC_WARN_UNUSED_VARIABLE = YES;
				IPHONEOS_DEPLOYMENT_TARGET = 14.0;
				MTL_ENABLE_DEBUG_INFO = INCLUDE_SOURCE;
				MTL_FAST_MATH = YES;
				ONLY_ACTIVE_ARCH = YES;
				SDKROOT = iphoneos;
				SWIFT_ACTIVE_COMPILATION_CONDITIONS = DEBUG;
				SWIFT_OPTIMIZATION_LEVEL = "-Onone";
			};
			name = Debug;
		};
		8EAB89F22535A40F00979990 /* Release */ = {
			isa = XCBuildConfiguration;
			buildSettings = {
				ALWAYS_SEARCH_USER_PATHS = NO;
				CLANG_ANALYZER_NONNULL = YES;
				CLANG_ANALYZER_NUMBER_OBJECT_CONVERSION = YES_AGGRESSIVE;
				CLANG_CXX_LANGUAGE_STANDARD = "gnu++14";
				CLANG_CXX_LIBRARY = "libc++";
				CLANG_ENABLE_MODULES = YES;
				CLANG_ENABLE_OBJC_ARC = YES;
				CLANG_ENABLE_OBJC_WEAK = YES;
				CLANG_WARN_BLOCK_CAPTURE_AUTORELEASING = YES;
				CLANG_WARN_BOOL_CONVERSION = YES;
				CLANG_WARN_COMMA = YES;
				CLANG_WARN_CONSTANT_CONVERSION = YES;
				CLANG_WARN_DEPRECATED_OBJC_IMPLEMENTATIONS = YES;
				CLANG_WARN_DIRECT_OBJC_ISA_USAGE = YES_ERROR;
				CLANG_WARN_DOCUMENTATION_COMMENTS = YES;
				CLANG_WARN_EMPTY_BODY = YES;
				CLANG_WARN_ENUM_CONVERSION = YES;
				CLANG_WARN_INFINITE_RECURSION = YES;
				CLANG_WARN_INT_CONVERSION = YES;
				CLANG_WARN_NON_LITERAL_NULL_CONVERSION = YES;
				CLANG_WARN_OBJC_IMPLICIT_RETAIN_SELF = YES;
				CLANG_WARN_OBJC_LITERAL_CONVERSION = YES;
				CLANG_WARN_OBJC_ROOT_CLASS = YES_ERROR;
				CLANG_WARN_QUOTED_INCLUDE_IN_FRAMEWORK_HEADER = YES;
				CLANG_WARN_RANGE_LOOP_ANALYSIS = YES;
				CLANG_WARN_STRICT_PROTOTYPES = YES;
				CLANG_WARN_SUSPICIOUS_MOVE = YES;
				CLANG_WARN_UNGUARDED_AVAILABILITY = YES_AGGRESSIVE;
				CLANG_WARN_UNREACHABLE_CODE = YES;
				CLANG_WARN__DUPLICATE_METHOD_MATCH = YES;
				COPY_PHASE_STRIP = NO;
				DEBUG_INFORMATION_FORMAT = "dwarf-with-dsym";
				ENABLE_NS_ASSERTIONS = NO;
				ENABLE_STRICT_OBJC_MSGSEND = YES;
				GCC_C_LANGUAGE_STANDARD = gnu11;
				GCC_NO_COMMON_BLOCKS = YES;
				GCC_WARN_64_TO_32_BIT_CONVERSION = YES;
				GCC_WARN_ABOUT_RETURN_TYPE = YES_ERROR;
				GCC_WARN_UNDECLARED_SELECTOR = YES;
				GCC_WARN_UNINITIALIZED_AUTOS = YES_AGGRESSIVE;
				GCC_WARN_UNUSED_FUNCTION = YES;
				GCC_WARN_UNUSED_VARIABLE = YES;
				IPHONEOS_DEPLOYMENT_TARGET = 14.0;
				MTL_ENABLE_DEBUG_INFO = NO;
				MTL_FAST_MATH = YES;
				SDKROOT = iphoneos;
				SWIFT_COMPILATION_MODE = wholemodule;
				SWIFT_OPTIMIZATION_LEVEL = "-O";
				VALIDATE_PRODUCT = YES;
			};
			name = Release;
		};
		8EAB89F42535A40F00979990 /* Debug */ = {
			isa = XCBuildConfiguration;
			buildSettings = {
				ASSETCATALOG_COMPILER_APPICON_NAME = AppIcon;
				ASSETCATALOG_COMPILER_GLOBAL_ACCENT_COLOR_NAME = AccentColor;
				CODE_SIGN_STYLE = Automatic;
				DEVELOPMENT_TEAM = D74JKWP7R6;
				INFOPLIST_FILE = DeviceTokenGet/Info.plist;
				LD_RUNPATH_SEARCH_PATHS = (
					"$(inherited)",
					"@executable_path/Frameworks",
				);
				PRODUCT_BUNDLE_IDENTIFIER = DeviceTokenGet2020.DeviceTokenGet;
				PRODUCT_NAME = "$(TARGET_NAME)";
				SWIFT_VERSION = 5.0;
				TARGETED_DEVICE_FAMILY = "1,2";
			};
			name = Debug;
		};
		8EAB89F52535A40F00979990 /* Release */ = {
			isa = XCBuildConfiguration;
			buildSettings = {
				ASSETCATALOG_COMPILER_APPICON_NAME = AppIcon;
				ASSETCATALOG_COMPILER_GLOBAL_ACCENT_COLOR_NAME = AccentColor;
				CODE_SIGN_STYLE = Automatic;
				DEVELOPMENT_TEAM = D74JKWP7R6;
				INFOPLIST_FILE = DeviceTokenGet/Info.plist;
				LD_RUNPATH_SEARCH_PATHS = (
					"$(inherited)",
					"@executable_path/Frameworks",
				);
				PRODUCT_BUNDLE_IDENTIFIER = DeviceTokenGet2020.DeviceTokenGet;
				PRODUCT_NAME = "$(TARGET_NAME)";
				SWIFT_VERSION = 5.0;
				TARGETED_DEVICE_FAMILY = "1,2";
			};
			name = Release;
		};
		8EAB89F72535A40F00979990 /* Debug */ = {
			isa = XCBuildConfiguration;
			buildSettings = {
				ALWAYS_EMBED_SWIFT_STANDARD_LIBRARIES = YES;
				BUNDLE_LOADER = "$(TEST_HOST)";
				CODE_SIGN_STYLE = Automatic;
				DEVELOPMENT_TEAM = D74JKWP7R6;
				INFOPLIST_FILE = DeviceTokenGetTests/Info.plist;
				IPHONEOS_DEPLOYMENT_TARGET = 14.0;
				LD_RUNPATH_SEARCH_PATHS = (
					"$(inherited)",
					"@executable_path/Frameworks",
					"@loader_path/Frameworks",
				);
				PRODUCT_BUNDLE_IDENTIFIER = DeviceTokenGet2020.DeviceTokenGetTests;
				PRODUCT_NAME = "$(TARGET_NAME)";
				SWIFT_VERSION = 5.0;
				TARGETED_DEVICE_FAMILY = "1,2";
				TEST_HOST = "$(BUILT_PRODUCTS_DIR)/DeviceTokenGet.app/DeviceTokenGet";
			};
			name = Debug;
		};
		8EAB89F82535A40F00979990 /* Release */ = {
			isa = XCBuildConfiguration;
			buildSettings = {
				ALWAYS_EMBED_SWIFT_STANDARD_LIBRARIES = YES;
				BUNDLE_LOADER = "$(TEST_HOST)";
				CODE_SIGN_STYLE = Automatic;
				DEVELOPMENT_TEAM = D74JKWP7R6;
				INFOPLIST_FILE = DeviceTokenGetTests/Info.plist;
				IPHONEOS_DEPLOYMENT_TARGET = 14.0;
				LD_RUNPATH_SEARCH_PATHS = (
					"$(inherited)",
					"@executable_path/Frameworks",
					"@loader_path/Frameworks",
				);
				PRODUCT_BUNDLE_IDENTIFIER = DeviceTokenGet2020.DeviceTokenGetTests;
				PRODUCT_NAME = "$(TARGET_NAME)";
				SWIFT_VERSION = 5.0;
				TARGETED_DEVICE_FAMILY = "1,2";
				TEST_HOST = "$(BUILT_PRODUCTS_DIR)/DeviceTokenGet.app/DeviceTokenGet";
			};
			name = Release;
		};
		8EAB89FA2535A40F00979990 /* Debug */ = {
			isa = XCBuildConfiguration;
			buildSettings = {
				ALWAYS_EMBED_SWIFT_STANDARD_LIBRARIES = YES;
				CODE_SIGN_STYLE = Automatic;
				DEVELOPMENT_TEAM = D74JKWP7R6;
				INFOPLIST_FILE = DeviceTokenGetUITests/Info.plist;
				LD_RUNPATH_SEARCH_PATHS = (
					"$(inherited)",
					"@executable_path/Frameworks",
					"@loader_path/Frameworks",
				);
				PRODUCT_BUNDLE_IDENTIFIER = DeviceTokenGet2020.DeviceTokenGetUITests;
				PRODUCT_NAME = "$(TARGET_NAME)";
				SWIFT_VERSION = 5.0;
				TARGETED_DEVICE_FAMILY = "1,2";
				TEST_TARGET_NAME = DeviceTokenGet;
			};
			name = Debug;
		};
		8EAB89FB2535A40F00979990 /* Release */ = {
			isa = XCBuildConfiguration;
			buildSettings = {
				ALWAYS_EMBED_SWIFT_STANDARD_LIBRARIES = YES;
				CODE_SIGN_STYLE = Automatic;
				DEVELOPMENT_TEAM = D74JKWP7R6;
				INFOPLIST_FILE = DeviceTokenGetUITests/Info.plist;
				LD_RUNPATH_SEARCH_PATHS = (
					"$(inherited)",
					"@executable_path/Frameworks",
					"@loader_path/Frameworks",
				);
				PRODUCT_BUNDLE_IDENTIFIER = DeviceTokenGet2020.DeviceTokenGetUITests;
				PRODUCT_NAME = "$(TARGET_NAME)";
				SWIFT_VERSION = 5.0;
				TARGETED_DEVICE_FAMILY = "1,2";
				TEST_TARGET_NAME = DeviceTokenGet;
			};
			name = Release;
		};
/* End XCBuildConfiguration section */

/* Begin XCConfigurationList section */
		8EAB89C42535A40D00979990 /* Build configuration list for PBXProject "DeviceTokenGet" */ = {
			isa = XCConfigurationList;
			buildConfigurations = (
				8EAB89F12535A40F00979990 /* Debug */,
				8EAB89F22535A40F00979990 /* Release */,
			);
			defaultConfigurationIsVisible = 0;
			defaultConfigurationName = Release;
		};
		8EAB89F32535A40F00979990 /* Build configuration list for PBXNativeTarget "DeviceTokenGet" */ = {
			isa = XCConfigurationList;
			buildConfigurations = (
				8EAB89F42535A40F00979990 /* Debug */,
				8EAB89F52535A40F00979990 /* Release */,
			);
			defaultConfigurationIsVisible = 0;
			defaultConfigurationName = Release;
		};
		8EAB89F62535A40F00979990 /* Build configuration list for PBXNativeTarget "DeviceTokenGetTests" */ = {
			isa = XCConfigurationList;
			buildConfigurations = (
				8EAB89F72535A40F00979990 /* Debug */,
				8EAB89F82535A40F00979990 /* Release */,
			);
			defaultConfigurationIsVisible = 0;
			defaultConfigurationName = Release;
		};
		8EAB89F92535A40F00979990 /* Build configuration list for PBXNativeTarget "DeviceTokenGetUITests" */ = {
			isa = XCConfigurationList;
			buildConfigurations = (
				8EAB89FA2535A40F00979990 /* Debug */,
				8EAB89FB2535A40F00979990 /* Release */,
			);
			defaultConfigurationIsVisible = 0;
			defaultConfigurationName = Release;
		};
/* End XCConfigurationList section */
	};
	rootObject = 8EAB89C12535A40D00979990 /* Project object */;
}
